{
  "name": "@alordash/date-parser",
  "version": "1.4.0",
  "lockfileVersion": 1,
  "requires": true,
  "dependencies": {
    "@alordash/damerau-levenshtein": {
      "version": "1.0.7",
      "resolved": "https://registry.npmjs.org/@alordash/damerau-levenshtein/-/damerau-levenshtein-1.0.7.tgz",
      "integrity": "sha512-Z90x+NAK7yC7GSkVQ+EiFAYDaUTfFBQcfEA0V+Y0S/hzBtPFphqHStu163vxRCqA7opASjz63wH8OXo4ASqL0Q=="
    },
    "@alordash/parse-word-to-number": {
      "version": "2.2.0",
      "resolved": "https://registry.npmjs.org/@alordash/parse-word-to-number/-/parse-word-to-number-2.2.0.tgz",
      "integrity": "sha512-Tq3aTz+sEvqYal+BKvkWV0X7QplB74YVt2sCnSd3zoMlsY5HJFHrNUMkrulp89d8ThC1J5qbojp8GJdf7e0GuA==",
      "requires": {
        "@alordash/damerau-levenshtein": "^1.0.7"
      }
    }
  }
}
